{
  "version": 4,
  "terraform_version": "1.5.1",
  "serial": 68,
  "lineage": "cfc8b72c-be67-c943-a09d-0b53c611f20f",
  "outputs": {},
  "resources": [
    {
      "mode": "managed",
      "type": "aws_acm_certificate",
      "name": "steven-challenge-cert",
      "provider": "provider[\"registry.terraform.io/hashicorp/aws\"]",
      "instances": [
        {
          "schema_version": 0,
          "attributes": {
            "arn": "arn:aws:acm:us-east-2:950224154531:certificate/c2627b9e-d14d-4477-b5c0-e17cb1257425",
            "certificate_authority_arn": "",
            "certificate_body": "-----BEGIN CERTIFICATE-----\nMIIF6zCCA9OgAwIBAgIUKQ1Cii+JH7lVG1HPVXDMhK8oweEwDQYJKoZIhvcNAQEL\nBQAwgYQxCzAJBgNVBAYTAlhYMRIwEAYDVQQIDAlTdGF0ZU5hbWUxETAPBgNVBAcM\nCENpdHlOYW1lMRIwEAYDVQQKDAlNdWx0aXBsYW4xDzANBgNVBAsMBkRldk9wczEp\nMCcGA1UEAwwgc3RldmVuX2NoYWxsZW5nZS5jaGFsbGVuZ2UubG9jYWwwHhcNMjMw\nNjI4MTM1MzUxWhcNMzMwNjI1MTM1MzUxWjCBhDELMAkGA1UEBhMCWFgxEjAQBgNV\nBAgMCVN0YXRlTmFtZTERMA8GA1UEBwwIQ2l0eU5hbWUxEjAQBgNVBAoMCU11bHRp\ncGxhbjEPMA0GA1UECwwGRGV2T3BzMSkwJwYDVQQDDCBzdGV2ZW5fY2hhbGxlbmdl\nLmNoYWxsZW5nZS5sb2NhbDCCAiIwDQYJKoZIhvcNAQEBBQADggIPADCCAgoCggIB\nALplojTOJSp9mXzJKJpsdEyQ7cqsi8f3ehW1+ltP6DEa37dU1iNGNvVwGCdEFD1G\nR2pivMm4MiD3LGsp0NihMNtmSPtE6XmjJvHch/qaIeki4XJAViCuyYEYtEmk5C2Q\ndDyuIgZw0ynG9M6apnD5udrHIcsqSA7grBH0elawCtJGNAzlGIWIb7bN3QUpga48\n2vvDBjGFHSoTLJwM5dRsByrTUXxIhLKPlXlUHqTPndnOth1CA3NgOvCb02+9gIXa\n2Baiu9rQOjsd0IpzEKwdu1PKZCxWx9Ku4iX73bK7AbsY7gZMjlFSSxb2H2t2Oc0n\nsuzDuB8s9BV8Yl/9xul2/uk73POWvviIxWiAurb9Qezxo1jhJbvped2yocZGQxFa\nETu+0RBfdRi7D1H8q5kunP8NGgfHEKA23bHLsB42SpP2VF3iL4/sN7SMIYxJxF6j\nPg3La6qdVzLf5TJEmqWJvWJx+Vyo9qsxF7Zn/3DgrUFgOwEjcS60EunFHNrZ1rR3\nGc/+CFNU/zu//fDYFdDVdO6YoZhMYvUUCkKG36aLeW1kQNANlg0thc4BSdMtp0S+\nK1ygmcM+l7HNV96vKKwI6KztJcbtJf5g+piMadFiEkkOhojq/poydyPRiMvmmG6r\n/QrS4RU7illLW3/XDMYlSIMfalieqJeJmxlvKbnYV579AgMBAAGjUzBRMB0GA1Ud\nDgQWBBT18OMuv/H9JN7Kc8eJFy5cxEvWCTAfBgNVHSMEGDAWgBT18OMuv/H9JN7K\nc8eJFy5cxEvWCTAPBgNVHRMBAf8EBTADAQH/MA0GCSqGSIb3DQEBCwUAA4ICAQCW\nesGDtNcrG21TYkp5T65HRyVEG40kA8DoZeisVLMcPweWN2v/jQaX5ZZIF9c6lE6m\nd8yVH2shvK5r3Kv7bWtxlv1ZUIBPb5uOoXmnpzSMwuZrn/Z7No9nZ0oMIhgCfqha\nnAAGejPjdzK3emuRUCE4aLaAly6TPM5r8Nf4BL/HKOgtDF6pogCO47P1j/9jF8wH\nOwjbxBOTcGQE+8JPrklavmUaYPL1sDld2Jt0iHaM5IYzXKMfYTReePOBaeEmGem7\nzX6v5zIS36FTEW6OZdDRVcC0CRcsENgh0XkCaY7n70yAuzRW+m+OCS7/SuTBpR0R\nAGxIXV7ucSREs7SeQfc2EwCGNywgRNpAyN1yGwwU71Ju+1/yn1mGdo/WVwgasMYb\nEy4+jW7uvPr8j5DOuaGMabNIeGPy1yIF4cPpvagZa9lC3ebIv/XeNQUOEwWczbpA\nvbNkQzKg1pgQHlckStUn56hxlJeysrebgCBbwrdFfZa+834n0SC5va7pBsQfQvA2\n1yGvakjKJEFWK4sNdBNdFrvYdrixHhq0v8AxQUyrqcgna+wE6VMUlOQf35gnheY1\n7HYQlhCVQoB2gcdTSzeKU47CXzfPh5lQ89HI07XYQYT7P6MgrOcmB6q9/tbrOCiF\n3vEk+XAB9unXsyv+v5o4SjhkSsoPiPQ6MI3u5760LA==\n-----END CERTIFICATE-----\n",
            "certificate_chain": null,
            "domain_name": "",
            "domain_validation_options": [],
            "early_renewal_duration": "",
            "id": "arn:aws:acm:us-east-2:950224154531:certificate/c2627b9e-d14d-4477-b5c0-e17cb1257425",
            "key_algorithm": "RSA_4096",
            "not_after": "2033-06-25T13:53:51Z",
            "not_before": "2023-06-28T13:53:51Z",
            "options": [
              {
                "certificate_transparency_logging_preference": "DISABLED"
              }
            ],
            "pending_renewal": false,
            "private_key": "-----BEGIN PRIVATE KEY-----\nMIIJRAIBADANBgkqhkiG9w0BAQEFAASCCS4wggkqAgEAAoICAQC6ZaI0ziUqfZl8\nySiabHRMkO3KrIvH93oVtfpbT+gxGt+3VNYjRjb1cBgnRBQ9RkdqYrzJuDIg9yxr\nKdDYoTDbZkj7ROl5oybx3If6miHpIuFyQFYgrsmBGLRJpOQtkHQ8riIGcNMpxvTO\nmqZw+bnaxyHLKkgO4KwR9HpWsArSRjQM5RiFiG+2zd0FKYGuPNr7wwYxhR0qEyyc\nDOXUbAcq01F8SISyj5V5VB6kz53ZzrYdQgNzYDrwm9NvvYCF2tgWorva0Do7HdCK\ncxCsHbtTymQsVsfSruIl+92yuwG7GO4GTI5RUksW9h9rdjnNJ7Lsw7gfLPQVfGJf\n/cbpdv7pO9zzlr74iMVogLq2/UHs8aNY4SW76XndsqHGRkMRWhE7vtEQX3UYuw9R\n/KuZLpz/DRoHxxCgNt2xy7AeNkqT9lRd4i+P7De0jCGMScReoz4Ny2uqnVcy3+Uy\nRJqlib1icflcqParMRe2Z/9w4K1BYDsBI3EutBLpxRza2da0dxnP/ghTVP87v/3w\n2BXQ1XTumKGYTGL1FApCht+mi3ltZEDQDZYNLYXOAUnTLadEvitcoJnDPpexzVfe\nryisCOis7SXG7SX+YPqYjGnRYhJJDoaI6v6aMncj0YjL5phuq/0K0uEVO4pZS1t/\n1wzGJUiDH2pYnqiXiZsZbym52Fee/QIDAQABAoICACFKQRHWxncEBxttDuIjoBLD\nqKCTuARPDAAgJ/ZSe2j3wIBs97DFm8+yhTHQHCBEcsFKoKaTTeqq0oVSKtFh2oi4\nyCyORneZvr0gEq4chJVvjB28ZVWBeg4jNCHaAAGuRMBIpl2JnYEe3j6fCr5vL3Um\nLwAqzUNQ95JeXFIqr0gWTzoFWZ+RukgHFOQU4WsVxdOEpZDHEiofUg6N1Cdf4tjQ\ndINyrTZ54+uPLUjopqvNmiN4FIcw5t3tqrHQgcmGSCUky9G88kV4IfR0MARZbAk/\nQqxTlG0pnEzF4rbG5Px+K5a26g0WmkAf1YU7EIA2SKO2IeZ5gB9tP2GfAL1WKhj9\nSuOIEThClVh00aERMLcQtTNoT12yzggQYW92pTiH/TZqvrOr521Liv+qgsEpzcHr\nM1HTX9Kg839tEGEVaZzFpOpL5YMtRPP1cgtqcyt2HoF8vrzhGYh51l6g7Kjkt4pK\nO1QWEzWYdVqDZurB7DvghsiN5V18mlS5Mjylke3oTi263MwT175wdRzD+f9rAUJk\nMDVwj8Tr2ZINIz4DcIPwMSAgEBg8oCR60WbcQiek2vYZtvO9A1pI/jmQplb/AUs0\nQ43wEdeFZalPnjosY0W+wm3rbhKvfKR0YSHGCESog1w6Cq3M9iMEvxMgN22CX/PV\n8JOZ/l642SjwSf1JP5g5AoIBAQC7TgKUfQszc3qsWXFv10IgSSaNoEAD//EFuHkd\nQ0aA5tvvRoFfgCMn240fJZp0RlUsgCyr/o0OwnZwmfteQbdN8vztXHdqjaVWRjvo\noc1P8Bs2N9gUjamXVidxKKlDuCPA2plLwDSs0eXMCF5f1I/WRAcRVvagyD7aLbcd\nUu7nqlTex3BAzjt1OpYelS6jKx5/g4pOiJUmae2lhlg1L443W3RPqKuKL1uTe3hd\nwTxcC7VFkOUdqUs7GlPxaXSdIkpr4PosR9Kt7jJZaxOA4mEqGAKy0FTdGKVpPxpK\n8YKBmtkMoYKgEqI/Bfk+PhegVpqF1mACwLr0NL7GfspqM4oVAoIBAQD+wmXdEKjw\np4F2vxHoKodxP6+UExRizj9RlOLtvtBZj+SIe9XgoRrun70GMfSiB7azTjJKxkSt\nuMqFA0plw0u0WG9CSVvMgAisS8p/tZ9VTnLEFwU6/3Kgn0K+rtSS9G5ZbIf2nNsf\nKuLh+inhxoc2QlgZAS8rPUwLT2vUNfboek/gNr7VtWNuVJepezkC1C9Zd235XWP/\nymzj/ScbS42XHQDcoq2nKCon0ep3QNFe8cuzvoASOIAIczD+kKpU4rWPgcMZkogf\ne7AGksRRefWue2F747Vfy20GSREtYA4IZ+XLixT2rxaq1D2qZXQDErNDY9TFZYDF\n+pqDgnoVqwNJAoIBAQCGspEUa+BUPeWocCItxeWeBj0deHLQ7YxNCt6+dpULOfpM\nVq3PGf0uOquADLDIkZPLDtoRTlvuk1ZNn86veB70hZvyrp6KGBcgth17LHDT3d4T\n3ZEdJsshNCnlLNKdCp1boVjAqxa2ebQCSLplvB08f2t9wsZV1eutR1b6VZvNKici\nltZZJHaJ1XoDwFDrsqSaGuSpmXt5RpBKixSAGxTxJmm8p5XFKE15AEANXFul7h2M\nS6kY7ZhWhpZ7c9US84gFkKMYmQYfYr7+owxBkYtClEXMhhmhbon16BVmc8vgnJUe\nij/AEeZv4EHfyxN+kQlK2mHtWOCZohzX7nJucWYJAoIBAQDchjZa6AL1Xmoo+jhr\n+fSISZKY4PMynEofOnw9RIFiJbazlk6LRankiY28gR277GVwTO4n3/yvTFiyTyjl\ncepkUHDutkWqfeIEEw9VAUjNNT0PFMZITbtR4sqJ+Ri1pLSo39PJ2/mpvxvqdPww\nHgQJKeDMtEO6cDMVT0iNx7DViJsAASOsJnnNlZg68xlko3vhPAqMYxUe5IDh0c86\nR2pnNon6cy9SlOf41DLby9XxE+k6zFpca2AY8G2mzl9DX4O+l5rk1fzTE+RJrF4Y\nETRkNxUpgvEL3TGg0Tr3RkCfciBu0xPwfZtngJVonK2Rw2w9l3sk7DpOJiH+WMGJ\nZCFRAoIBAQCsPHPbby9L/ZzZqRW4tW1GjdYF4/Vd7EZIjQ3GeyiEGQR7T71AYHmn\n5cR8dPXTGNxWJ4a1MbUdFFDSOouPkFuAx7vNptTPPfAEBWTl9TgPQcoccVz6ycGu\ndlg4jncS5gDWO6VXxxIgpTg+ghLdP8MRMTr7ZALpR4FeePXESZ+L+2vwutbbCtwy\nIYBtHJixesVslzk10ho6bahHOiQJf0H7Pa69b9QghNv3oqU026Rr3nqBfZPk6Njt\nFgyLtJhwT1JHtHOCCeF1T2fAUAYmyv4tSD2FF9EWHjaHiJmkKmkGCh9xEvFLkjZp\nXKzGOeY8J88yxeFYZ/sFVDwz3aCxmlkz\n-----END PRIVATE KEY-----\n",
            "renewal_eligibility": "INELIGIBLE",
            "renewal_summary": [],
            "status": "ISSUED",
            "subject_alternative_names": [],
            "tags": {},
            "tags_all": {},
            "type": "IMPORTED",
            "validation_emails": [],
            "validation_method": "NONE",
            "validation_option": []
          },
          "sensitive_attributes": [],
          "private": "bnVsbA=="
        }
      ]
    },
    {
      "mode": "managed",
      "type": "aws_cloudfront_distribution",
      "name": "static_http_distribution",
      "provider": "provider[\"registry.terraform.io/hashicorp/aws\"]",
      "instances": [
        {
          "schema_version": 1,
          "attributes": {
            "aliases": [],
            "arn": "arn:aws:cloudfront::950224154531:distribution/E1V2XGN1YIGTQC",
            "caller_reference": "terraform-20230628140033491400000001",
            "comment": "Some comment",
            "custom_error_response": [],
            "default_cache_behavior": [
              {
                "allowed_methods": [
                  "GET",
                  "HEAD"
                ],
                "cache_policy_id": "",
                "cached_methods": [
                  "GET",
                  "HEAD"
                ],
                "compress": false,
                "default_ttl": 3600,
                "field_level_encryption_id": "",
                "forwarded_values": [
                  {
                    "cookies": [
                      {
                        "forward": "none",
                        "whitelisted_names": []
                      }
                    ],
                    "headers": [],
                    "query_string": false,
                    "query_string_cache_keys": []
                  }
                ],
                "function_association": [],
                "lambda_function_association": [],
                "max_ttl": 86400,
                "min_ttl": 0,
                "origin_request_policy_id": "",
                "realtime_log_config_arn": "",
                "response_headers_policy_id": "",
                "smooth_streaming": false,
                "target_origin_id": "steven-challenge2",
                "trusted_key_groups": [],
                "trusted_signers": [],
                "viewer_protocol_policy": "allow-all"
              }
            ],
            "default_root_object": "index.html",
            "domain_name": "dpvq7cjcwze0u.cloudfront.net",
            "enabled": true,
            "etag": "E8PW8ZLN7PS6X",
            "hosted_zone_id": "Z2FDTNDATAQYW2",
            "http_version": "http2",
            "id": "E1V2XGN1YIGTQC",
            "in_progress_validation_batches": 0,
            "is_ipv6_enabled": true,
            "last_modified_time": "2023-06-28 14:00:33.833 +0000 UTC",
            "logging_config": [],
            "ordered_cache_behavior": [
              {
                "allowed_methods": [
                  "GET",
                  "HEAD",
                  "OPTIONS"
                ],
                "cache_policy_id": "",
                "cached_methods": [
                  "GET",
                  "HEAD",
                  "OPTIONS"
                ],
                "compress": true,
                "default_ttl": 86400,
                "field_level_encryption_id": "",
                "forwarded_values": [
                  {
                    "cookies": [
                      {
                        "forward": "none",
                        "whitelisted_names": []
                      }
                    ],
                    "headers": [
                      "Origin"
                    ],
                    "query_string": false,
                    "query_string_cache_keys": []
                  }
                ],
                "function_association": [],
                "lambda_function_association": [],
                "max_ttl": 31536000,
                "min_ttl": 0,
                "origin_request_policy_id": "",
                "path_pattern": "/content/immutable/*",
                "realtime_log_config_arn": "",
                "response_headers_policy_id": "",
                "smooth_streaming": false,
                "target_origin_id": "steven-challenge2",
                "trusted_key_groups": [],
                "trusted_signers": [],
                "viewer_protocol_policy": "redirect-to-https"
              },
              {
                "allowed_methods": [
                  "GET",
                  "HEAD",
                  "OPTIONS"
                ],
                "cache_policy_id": "",
                "cached_methods": [
                  "GET",
                  "HEAD"
                ],
                "compress": true,
                "default_ttl": 3600,
                "field_level_encryption_id": "",
                "forwarded_values": [
                  {
                    "cookies": [
                      {
                        "forward": "none",
                        "whitelisted_names": []
                      }
                    ],
                    "headers": [],
                    "query_string": false,
                    "query_string_cache_keys": []
                  }
                ],
                "function_association": [],
                "lambda_function_association": [],
                "max_ttl": 86400,
                "min_ttl": 0,
                "origin_request_policy_id": "",
                "path_pattern": "/content/*",
                "realtime_log_config_arn": "",
                "response_headers_policy_id": "",
                "smooth_streaming": false,
                "target_origin_id": "steven-challenge2",
                "trusted_key_groups": [],
                "trusted_signers": [],
                "viewer_protocol_policy": "redirect-to-https"
              }
            ],
            "origin": [
              {
                "connection_attempts": 3,
                "connection_timeout": 10,
                "custom_header": [],
                "custom_origin_config": [],
                "domain_name": "steven-challenge2.s3.us-east-2.amazonaws.com",
                "origin_access_control_id": "",
                "origin_id": "steven-challenge2",
                "origin_path": "",
                "origin_shield": [],
                "s3_origin_config": []
              }
            ],
            "origin_group": [],
            "price_class": "PriceClass_200",
            "restrictions": [
              {
                "geo_restriction": [
                  {
                    "locations": [
                      "CA",
                      "DE",
                      "GB",
                      "US"
                    ],
                    "restriction_type": "whitelist"
                  }
                ]
              }
            ],
            "retain_on_delete": false,
            "status": "Deployed",
            "tags": {
              "Environment": "production"
            },
            "tags_all": {
              "Environment": "production"
            },
            "trusted_key_groups": [
              {
                "enabled": false,
                "items": []
              }
            ],
            "trusted_signers": [
              {
                "enabled": false,
                "items": []
              }
            ],
            "viewer_certificate": [
              {
                "acm_certificate_arn": "",
                "cloudfront_default_certificate": true,
                "iam_certificate_id": "",
                "minimum_protocol_version": "TLSv1",
                "ssl_support_method": ""
              }
            ],
            "wait_for_deployment": true,
            "web_acl_id": ""
          },
          "sensitive_attributes": [],
          "private": "eyJzY2hlbWFfdmVyc2lvbiI6IjEifQ==",
          "dependencies": [
            "aws_kms_key.s3_bucket_key2",
            "aws_s3_bucket.steven-challenge-bucket",
            "aws_s3_bucket.steven-challenge-bucket2"
          ]
        }
      ]
    },
    {
      "mode": "managed",
      "type": "aws_cloudfront_origin_access_identity",
      "name": "oai",
      "provider": "provider[\"registry.terraform.io/hashicorp/aws\"]",
      "instances": [
        {
          "schema_version": 0,
          "attributes": {
            "caller_reference": "terraform-20230628143121905200000001",
            "cloudfront_access_identity_path": "origin-access-identity/cloudfront/E1AFB80MHJ6WM6",
            "comment": "example-oai",
            "etag": "E1H7SKXVKKTRAS",
            "iam_arn": "arn:aws:iam::cloudfront:user/CloudFront Origin Access Identity E1AFB80MHJ6WM6",
            "id": "E1AFB80MHJ6WM6",
            "s3_canonical_user_id": "83cc2ba7720f36f7ae1f9c4593e9bcf6821469eb380c83274cf91ff4d2eaab8e6c94f1b465b92726838104927d7bb14c"
          },
          "sensitive_attributes": [],
          "private": "bnVsbA=="
        }
      ]
    },
    {
      "mode": "managed",
      "type": "aws_kms_key",
      "name": "s3_bucket_key2",
      "provider": "provider[\"registry.terraform.io/hashicorp/aws\"]",
      "instances": [
        {
          "schema_version": 0,
          "attributes": {
            "arn": "arn:aws:kms:us-east-2:950224154531:key/02635c06-a7db-4126-a1a9-b2fbb4bc4ac8",
            "bypass_policy_lockout_safety_check": false,
            "custom_key_store_id": "",
            "customer_master_key_spec": "SYMMETRIC_DEFAULT",
            "deletion_window_in_days": 10,
            "description": "This key is used to encrypt bucket objects",
            "enable_key_rotation": false,
            "id": "02635c06-a7db-4126-a1a9-b2fbb4bc4ac8",
            "is_enabled": true,
            "key_id": "02635c06-a7db-4126-a1a9-b2fbb4bc4ac8",
            "key_usage": "ENCRYPT_DECRYPT",
            "multi_region": false,
            "policy": "{\"Id\":\"key-default-1\",\"Statement\":[{\"Action\":\"kms:*\",\"Effect\":\"Allow\",\"Principal\":{\"AWS\":\"arn:aws:iam::950224154531:root\"},\"Resource\":\"*\",\"Sid\":\"Enable IAM User Permissions\"}],\"Version\":\"2012-10-17\"}",
            "tags": {},
            "tags_all": {}
          },
          "sensitive_attributes": [],
          "private": "bnVsbA=="
        }
      ]
    },
    {
      "mode": "managed",
      "type": "aws_s3_bucket",
      "name": "steven-challenge-bucket2",
      "provider": "provider[\"registry.terraform.io/hashicorp/aws\"]",
      "instances": [
        {
          "schema_version": 0,
          "attributes": {
            "acceleration_status": "",
            "acl": "private",
            "arn": "arn:aws:s3:::steven-challenge2",
            "bucket": "steven-challenge2",
            "bucket_domain_name": "steven-challenge2.s3.amazonaws.com",
            "bucket_prefix": "",
            "bucket_regional_domain_name": "steven-challenge2.s3.us-east-2.amazonaws.com",
            "cors_rule": [],
            "force_destroy": false,
            "grant": [
              {
                "id": "80ce470e7f7fa472fa0b1367f5d138d80aaf598e27ce2d325e0a25365a9c4d49",
                "permissions": [
                  "FULL_CONTROL"
                ],
                "type": "CanonicalUser",
                "uri": ""
              }
            ],
            "hosted_zone_id": "Z2O1EMRO9K5GLX",
            "id": "steven-challenge2",
            "lifecycle_rule": [],
            "logging": [],
            "object_lock_configuration": [],
            "object_lock_enabled": false,
            "policy": "",
            "region": "us-east-2",
            "replication_configuration": [],
            "request_payer": "BucketOwner",
            "server_side_encryption_configuration": [
              {
                "rule": [
                  {
                    "apply_server_side_encryption_by_default": [
                      {
                        "kms_master_key_id": "arn:aws:kms:us-east-2:950224154531:key/02635c06-a7db-4126-a1a9-b2fbb4bc4ac8",
                        "sse_algorithm": "aws:kms"
                      }
                    ],
                    "bucket_key_enabled": false
                  }
                ]
              }
            ],
            "tags": {},
            "tags_all": {},
            "timeouts": null,
            "versioning": [
              {
                "enabled": false,
                "mfa_delete": false
              }
            ],
            "website": [],
            "website_domain": null,
            "website_endpoint": null
          },
          "sensitive_attributes": [],
          "private": "eyJlMmJmYjczMC1lY2FhLTExZTYtOGY4OC0zNDM2M2JjN2M0YzAiOnsiY3JlYXRlIjoxMjAwMDAwMDAwMDAwLCJkZWxldGUiOjM2MDAwMDAwMDAwMDAsInJlYWQiOjEyMDAwMDAwMDAwMDAsInVwZGF0ZSI6MTIwMDAwMDAwMDAwMH19",
          "dependencies": [
            "aws_kms_key.s3_bucket_key2"
          ]
        }
      ]
    },
    {
      "mode": "managed",
      "type": "aws_s3_bucket_object",
      "name": "static-content",
      "provider": "provider[\"registry.terraform.io/hashicorp/aws\"]",
      "instances": []
    },
    {
      "mode": "managed",
      "type": "aws_s3_bucket_public_access_block",
      "name": "steven-chalenge",
      "provider": "provider[\"registry.terraform.io/hashicorp/aws\"]",
      "instances": []
    },
    {
      "mode": "managed",
      "type": "aws_s3_bucket_public_access_block",
      "name": "steven-chalenge2",
      "provider": "provider[\"registry.terraform.io/hashicorp/aws\"]",
      "instances": [
        {
          "schema_version": 0,
          "attributes": {
            "block_public_acls": true,
            "block_public_policy": true,
            "bucket": "steven-challenge2",
            "id": "steven-challenge2",
            "ignore_public_acls": true,
            "restrict_public_buckets": true
          },
          "sensitive_attributes": [],
          "private": "bnVsbA==",
          "dependencies": [
            "aws_kms_key.s3_bucket_key2",
            "aws_s3_bucket.steven-challenge-bucket2"
          ]
        }
      ]
    },
    {
      "module": "module.s3",
      "mode": "managed",
      "type": "aws_acm_certificate",
      "name": "steven-challenge-cert",
      "provider": "module.s3.provider[\"registry.terraform.io/hashicorp/aws\"]",
      "instances": [
        {
          "schema_version": 0,
          "attributes": {
            "arn": "arn:aws:acm:us-east-1:950224154531:certificate/81600665-a47c-4f12-b4b3-0b9cc780d6a8",
            "certificate_authority_arn": "",
            "certificate_body": "-----BEGIN CERTIFICATE-----\nMIIF6zCCA9OgAwIBAgIUKQ1Cii+JH7lVG1HPVXDMhK8oweEwDQYJKoZIhvcNAQEL\nBQAwgYQxCzAJBgNVBAYTAlhYMRIwEAYDVQQIDAlTdGF0ZU5hbWUxETAPBgNVBAcM\nCENpdHlOYW1lMRIwEAYDVQQKDAlNdWx0aXBsYW4xDzANBgNVBAsMBkRldk9wczEp\nMCcGA1UEAwwgc3RldmVuX2NoYWxsZW5nZS5jaGFsbGVuZ2UubG9jYWwwHhcNMjMw\nNjI4MTM1MzUxWhcNMzMwNjI1MTM1MzUxWjCBhDELMAkGA1UEBhMCWFgxEjAQBgNV\nBAgMCVN0YXRlTmFtZTERMA8GA1UEBwwIQ2l0eU5hbWUxEjAQBgNVBAoMCU11bHRp\ncGxhbjEPMA0GA1UECwwGRGV2T3BzMSkwJwYDVQQDDCBzdGV2ZW5fY2hhbGxlbmdl\nLmNoYWxsZW5nZS5sb2NhbDCCAiIwDQYJKoZIhvcNAQEBBQADggIPADCCAgoCggIB\nALplojTOJSp9mXzJKJpsdEyQ7cqsi8f3ehW1+ltP6DEa37dU1iNGNvVwGCdEFD1G\nR2pivMm4MiD3LGsp0NihMNtmSPtE6XmjJvHch/qaIeki4XJAViCuyYEYtEmk5C2Q\ndDyuIgZw0ynG9M6apnD5udrHIcsqSA7grBH0elawCtJGNAzlGIWIb7bN3QUpga48\n2vvDBjGFHSoTLJwM5dRsByrTUXxIhLKPlXlUHqTPndnOth1CA3NgOvCb02+9gIXa\n2Baiu9rQOjsd0IpzEKwdu1PKZCxWx9Ku4iX73bK7AbsY7gZMjlFSSxb2H2t2Oc0n\nsuzDuB8s9BV8Yl/9xul2/uk73POWvviIxWiAurb9Qezxo1jhJbvped2yocZGQxFa\nETu+0RBfdRi7D1H8q5kunP8NGgfHEKA23bHLsB42SpP2VF3iL4/sN7SMIYxJxF6j\nPg3La6qdVzLf5TJEmqWJvWJx+Vyo9qsxF7Zn/3DgrUFgOwEjcS60EunFHNrZ1rR3\nGc/+CFNU/zu//fDYFdDVdO6YoZhMYvUUCkKG36aLeW1kQNANlg0thc4BSdMtp0S+\nK1ygmcM+l7HNV96vKKwI6KztJcbtJf5g+piMadFiEkkOhojq/poydyPRiMvmmG6r\n/QrS4RU7illLW3/XDMYlSIMfalieqJeJmxlvKbnYV579AgMBAAGjUzBRMB0GA1Ud\nDgQWBBT18OMuv/H9JN7Kc8eJFy5cxEvWCTAfBgNVHSMEGDAWgBT18OMuv/H9JN7K\nc8eJFy5cxEvWCTAPBgNVHRMBAf8EBTADAQH/MA0GCSqGSIb3DQEBCwUAA4ICAQCW\nesGDtNcrG21TYkp5T65HRyVEG40kA8DoZeisVLMcPweWN2v/jQaX5ZZIF9c6lE6m\nd8yVH2shvK5r3Kv7bWtxlv1ZUIBPb5uOoXmnpzSMwuZrn/Z7No9nZ0oMIhgCfqha\nnAAGejPjdzK3emuRUCE4aLaAly6TPM5r8Nf4BL/HKOgtDF6pogCO47P1j/9jF8wH\nOwjbxBOTcGQE+8JPrklavmUaYPL1sDld2Jt0iHaM5IYzXKMfYTReePOBaeEmGem7\nzX6v5zIS36FTEW6OZdDRVcC0CRcsENgh0XkCaY7n70yAuzRW+m+OCS7/SuTBpR0R\nAGxIXV7ucSREs7SeQfc2EwCGNywgRNpAyN1yGwwU71Ju+1/yn1mGdo/WVwgasMYb\nEy4+jW7uvPr8j5DOuaGMabNIeGPy1yIF4cPpvagZa9lC3ebIv/XeNQUOEwWczbpA\nvbNkQzKg1pgQHlckStUn56hxlJeysrebgCBbwrdFfZa+834n0SC5va7pBsQfQvA2\n1yGvakjKJEFWK4sNdBNdFrvYdrixHhq0v8AxQUyrqcgna+wE6VMUlOQf35gnheY1\n7HYQlhCVQoB2gcdTSzeKU47CXzfPh5lQ89HI07XYQYT7P6MgrOcmB6q9/tbrOCiF\n3vEk+XAB9unXsyv+v5o4SjhkSsoPiPQ6MI3u5760LA==\n-----END CERTIFICATE-----\n",
            "certificate_chain": null,
            "domain_name": "",
            "domain_validation_options": [],
            "early_renewal_duration": "",
            "id": "arn:aws:acm:us-east-1:950224154531:certificate/81600665-a47c-4f12-b4b3-0b9cc780d6a8",
            "key_algorithm": "RSA_4096",
            "not_after": "2033-06-25T13:53:51Z",
            "not_before": "2023-06-28T13:53:51Z",
            "options": [
              {
                "certificate_transparency_logging_preference": "DISABLED"
              }
            ],
            "pending_renewal": false,
            "private_key": "-----BEGIN PRIVATE KEY-----\nMIIJRAIBADANBgkqhkiG9w0BAQEFAASCCS4wggkqAgEAAoICAQC6ZaI0ziUqfZl8\nySiabHRMkO3KrIvH93oVtfpbT+gxGt+3VNYjRjb1cBgnRBQ9RkdqYrzJuDIg9yxr\nKdDYoTDbZkj7ROl5oybx3If6miHpIuFyQFYgrsmBGLRJpOQtkHQ8riIGcNMpxvTO\nmqZw+bnaxyHLKkgO4KwR9HpWsArSRjQM5RiFiG+2zd0FKYGuPNr7wwYxhR0qEyyc\nDOXUbAcq01F8SISyj5V5VB6kz53ZzrYdQgNzYDrwm9NvvYCF2tgWorva0Do7HdCK\ncxCsHbtTymQsVsfSruIl+92yuwG7GO4GTI5RUksW9h9rdjnNJ7Lsw7gfLPQVfGJf\n/cbpdv7pO9zzlr74iMVogLq2/UHs8aNY4SW76XndsqHGRkMRWhE7vtEQX3UYuw9R\n/KuZLpz/DRoHxxCgNt2xy7AeNkqT9lRd4i+P7De0jCGMScReoz4Ny2uqnVcy3+Uy\nRJqlib1icflcqParMRe2Z/9w4K1BYDsBI3EutBLpxRza2da0dxnP/ghTVP87v/3w\n2BXQ1XTumKGYTGL1FApCht+mi3ltZEDQDZYNLYXOAUnTLadEvitcoJnDPpexzVfe\nryisCOis7SXG7SX+YPqYjGnRYhJJDoaI6v6aMncj0YjL5phuq/0K0uEVO4pZS1t/\n1wzGJUiDH2pYnqiXiZsZbym52Fee/QIDAQABAoICACFKQRHWxncEBxttDuIjoBLD\nqKCTuARPDAAgJ/ZSe2j3wIBs97DFm8+yhTHQHCBEcsFKoKaTTeqq0oVSKtFh2oi4\nyCyORneZvr0gEq4chJVvjB28ZVWBeg4jNCHaAAGuRMBIpl2JnYEe3j6fCr5vL3Um\nLwAqzUNQ95JeXFIqr0gWTzoFWZ+RukgHFOQU4WsVxdOEpZDHEiofUg6N1Cdf4tjQ\ndINyrTZ54+uPLUjopqvNmiN4FIcw5t3tqrHQgcmGSCUky9G88kV4IfR0MARZbAk/\nQqxTlG0pnEzF4rbG5Px+K5a26g0WmkAf1YU7EIA2SKO2IeZ5gB9tP2GfAL1WKhj9\nSuOIEThClVh00aERMLcQtTNoT12yzggQYW92pTiH/TZqvrOr521Liv+qgsEpzcHr\nM1HTX9Kg839tEGEVaZzFpOpL5YMtRPP1cgtqcyt2HoF8vrzhGYh51l6g7Kjkt4pK\nO1QWEzWYdVqDZurB7DvghsiN5V18mlS5Mjylke3oTi263MwT175wdRzD+f9rAUJk\nMDVwj8Tr2ZINIz4DcIPwMSAgEBg8oCR60WbcQiek2vYZtvO9A1pI/jmQplb/AUs0\nQ43wEdeFZalPnjosY0W+wm3rbhKvfKR0YSHGCESog1w6Cq3M9iMEvxMgN22CX/PV\n8JOZ/l642SjwSf1JP5g5AoIBAQC7TgKUfQszc3qsWXFv10IgSSaNoEAD//EFuHkd\nQ0aA5tvvRoFfgCMn240fJZp0RlUsgCyr/o0OwnZwmfteQbdN8vztXHdqjaVWRjvo\noc1P8Bs2N9gUjamXVidxKKlDuCPA2plLwDSs0eXMCF5f1I/WRAcRVvagyD7aLbcd\nUu7nqlTex3BAzjt1OpYelS6jKx5/g4pOiJUmae2lhlg1L443W3RPqKuKL1uTe3hd\nwTxcC7VFkOUdqUs7GlPxaXSdIkpr4PosR9Kt7jJZaxOA4mEqGAKy0FTdGKVpPxpK\n8YKBmtkMoYKgEqI/Bfk+PhegVpqF1mACwLr0NL7GfspqM4oVAoIBAQD+wmXdEKjw\np4F2vxHoKodxP6+UExRizj9RlOLtvtBZj+SIe9XgoRrun70GMfSiB7azTjJKxkSt\nuMqFA0plw0u0WG9CSVvMgAisS8p/tZ9VTnLEFwU6/3Kgn0K+rtSS9G5ZbIf2nNsf\nKuLh+inhxoc2QlgZAS8rPUwLT2vUNfboek/gNr7VtWNuVJepezkC1C9Zd235XWP/\nymzj/ScbS42XHQDcoq2nKCon0ep3QNFe8cuzvoASOIAIczD+kKpU4rWPgcMZkogf\ne7AGksRRefWue2F747Vfy20GSREtYA4IZ+XLixT2rxaq1D2qZXQDErNDY9TFZYDF\n+pqDgnoVqwNJAoIBAQCGspEUa+BUPeWocCItxeWeBj0deHLQ7YxNCt6+dpULOfpM\nVq3PGf0uOquADLDIkZPLDtoRTlvuk1ZNn86veB70hZvyrp6KGBcgth17LHDT3d4T\n3ZEdJsshNCnlLNKdCp1boVjAqxa2ebQCSLplvB08f2t9wsZV1eutR1b6VZvNKici\nltZZJHaJ1XoDwFDrsqSaGuSpmXt5RpBKixSAGxTxJmm8p5XFKE15AEANXFul7h2M\nS6kY7ZhWhpZ7c9US84gFkKMYmQYfYr7+owxBkYtClEXMhhmhbon16BVmc8vgnJUe\nij/AEeZv4EHfyxN+kQlK2mHtWOCZohzX7nJucWYJAoIBAQDchjZa6AL1Xmoo+jhr\n+fSISZKY4PMynEofOnw9RIFiJbazlk6LRankiY28gR277GVwTO4n3/yvTFiyTyjl\ncepkUHDutkWqfeIEEw9VAUjNNT0PFMZITbtR4sqJ+Ri1pLSo39PJ2/mpvxvqdPww\nHgQJKeDMtEO6cDMVT0iNx7DViJsAASOsJnnNlZg68xlko3vhPAqMYxUe5IDh0c86\nR2pnNon6cy9SlOf41DLby9XxE+k6zFpca2AY8G2mzl9DX4O+l5rk1fzTE+RJrF4Y\nETRkNxUpgvEL3TGg0Tr3RkCfciBu0xPwfZtngJVonK2Rw2w9l3sk7DpOJiH+WMGJ\nZCFRAoIBAQCsPHPbby9L/ZzZqRW4tW1GjdYF4/Vd7EZIjQ3GeyiEGQR7T71AYHmn\n5cR8dPXTGNxWJ4a1MbUdFFDSOouPkFuAx7vNptTPPfAEBWTl9TgPQcoccVz6ycGu\ndlg4jncS5gDWO6VXxxIgpTg+ghLdP8MRMTr7ZALpR4FeePXESZ+L+2vwutbbCtwy\nIYBtHJixesVslzk10ho6bahHOiQJf0H7Pa69b9QghNv3oqU026Rr3nqBfZPk6Njt\nFgyLtJhwT1JHtHOCCeF1T2fAUAYmyv4tSD2FF9EWHjaHiJmkKmkGCh9xEvFLkjZp\nXKzGOeY8J88yxeFYZ/sFVDwz3aCxmlkz\n-----END PRIVATE KEY-----\n",
            "renewal_eligibility": "INELIGIBLE",
            "renewal_summary": [],
            "status": "ISSUED",
            "subject_alternative_names": [],
            "tags": {},
            "tags_all": {},
            "type": "IMPORTED",
            "validation_emails": [],
            "validation_method": "NONE",
            "validation_option": []
          },
          "sensitive_attributes": [],
          "private": "bnVsbA=="
        }
      ]
    }
  ],
  "check_results": null
}
